
Microsoft Visual Studio Solution File, Format Version 12.00
# Visual Studio Version 16
VisualStudioVersion = 16.0.29920.165
MinimumVisualStudioVersion = 10.0.40219.1
Project("{9A19103F-16F7-4668-BE54-9A1E7A4F7556}") = "MarketoApiLibrary", "MarketoApiLibrary\MarketoApiLibrary.csproj", "{F43BE805-0890-40CA-B759-025193696B17}"
EndProject
Project("{9A19103F-16F7-4668-BE54-9A1E7A4F7556}") = "MarketoApiConsole", "MarketoApiConsole\MarketoApiConsole.csproj", "{FA13F15B-B38C-4502-BF45-41BAC4590674}"
EndProject
Project("{FAE04EC0-301F-11D3-BF4B-00C04F79EFBC}") = "MarketoUI", "MarketoUI\MarketoUI.csproj", "{AE4318F4-BC74-4373-8C09-E1E4E2A4FC63}"
EndProject
Project("{9A19103F-16F7-4668-BE54-9A1E7A4F7556}") = "MarketoApiLibrary.Tests", "MarketoApiLibrary.Tests\MarketoApiLibrary.Tests.csproj", "{7A8DDF71-8745-4170-9098-AB1F7C8D6650}"
EndProject
Global
	GlobalSection(SolutionConfigurationPlatforms) = preSolution
		Debug|Any CPU = Debug|Any CPU
		Release|Any CPU = Release|Any CPU
	EndGlobalSection
	GlobalSection(ProjectConfigurationPlatforms) = postSolution
		{F43BE805-0890-40CA-B759-025193696B17}.Debug|Any CPU.ActiveCfg = Debug|Any CPU
		{F43BE805-0890-40CA-B759-025193696B17}.Debug|Any CPU.Build.0 = Debug|Any CPU
		{F43BE805-0890-40CA-B759-025193696B17}.Release|Any CPU.ActiveCfg = Release|Any CPU
		{F43BE805-0890-40CA-B759-025193696B17}.Release|Any CPU.Build.0 = Release|Any CPU
		{FA13F15B-B38C-4502-BF45-41BAC4590674}.Debug|Any CPU.ActiveCfg = Debug|Any CPU
		{FA13F15B-B38C-4502-BF45-41BAC4590674}.Debug|Any CPU.Build.0 = Debug|Any CPU
		{FA13F15B-B38C-4502-BF45-41BAC4590674}.Release|Any CPU.ActiveCfg = Release|Any CPU
		{FA13F15B-B38C-4502-BF45-41BAC4590674}.Release|Any CPU.Build.0 = Release|Any CPU
		{AE4318F4-BC74-4373-8C09-E1E4E2A4FC63}.Debug|Any CPU.ActiveCfg = Debug|Any CPU
		{AE4318F4-BC74-4373-8C09-E1E4E2A4FC63}.Debug|Any CPU.Build.0 = Debug|Any CPU
		{AE4318F4-BC74-4373-8C09-E1E4E2A4FC63}.Release|Any CPU.ActiveCfg = Release|Any CPU
		{AE4318F4-BC74-4373-8C09-E1E4E2A4FC63}.Release|Any CPU.Build.0 = Release|Any CPU
		{7A8DDF71-8745-4170-9098-AB1F7C8D6650}.Debug|Any CPU.ActiveCfg = Debug|Any CPU
		{7A8DDF71-8745-4170-9098-AB1F7C8D6650}.Debug|Any CPU.Build.0 = Debug|Any CPU
		{7A8DDF71-8745-4170-9098-AB1F7C8D6650}.Release|Any CPU.ActiveCfg = Release|Any CPU
		{7A8DDF71-8745-4170-9098-AB1F7C8D6650}.Release|Any CPU.Build.0 = Release|Any CPU
	EndGlobalSection
	GlobalSection(SolutionProperties) = preSolution
		HideSolutionNode = FALSE
	EndGlobalSection
	GlobalSection(ExtensibilityGlobals) = postSolution
		SolutionGuid = {12FAD9E6-B8CA-4026-A002-B9D91EDBE578}
	EndGlobalSection
EndGlobal
